Microsoft Visual Studio Solution File, Format Version 12.00
# Visual Studio 15
VisualStudioVersion = 15.0.27130.2027
MinimumVisualStudioVersion = 15.0.26124.0
Project("{9A19103F-16F7-4668-BE54-9A1E7A4F7556}") = "Samples.Server", "Samples.Server\Samples.Server.csproj", "{C0F22E2C-73E9-414E-9AD3-FCA215E9AE5A}"
EndProject
Project("{9A19103F-16F7-4668-BE54-9A1E7A4F7556}") = "Samples.Client", "Samples.Client\Samples.Client.csproj", "{DCFEFEBD-6533-43E3-874F-FB5E25891137}"
EndProject
Project("{9A19103F-16F7-4668-BE54-9A1E7A4F7556}") = "Samples.Shared", "Samples.Shared\Samples.Shared.csproj", "{30D164F0-5EA0-41D0-ACF3-396EF01D6D67}"
EndProject
Project("{FAE04EC0-301F-11D3-BF4B-00C04F79EFBC}") = "Samples.BusinessLogic", "Samples.BusinessLogic\Samples.BusinessLogic.csproj", "{A0C50C4B-CAB8-4D2B-BC25-A89BD063A37C}"
EndProject
Global
	GlobalSection(SolutionConfigurationPlatforms) = preSolution
		Debug|Any CPU = Debug|Any CPU
		Debug|x64 = Debug|x64
		Debug|x86 = Debug|x86
		Release|Any CPU = Release|Any CPU
		Release|x64 = Release|x64
		Release|x86 = Release|x86
	EndGlobalSection
	GlobalSection(ProjectConfigurationPlatforms) = postSolution
		{C0F22E2C-73E9-414E-9AD3-FCA215E9AE5A}.Debug|Any CPU.ActiveCfg = Debug|Any CPU
		{C0F22E2C-73E9-414E-9AD3-FCA215E9AE5A}.Debug|Any CPU.Build.0 = Debug|Any CPU
		{C0F22E2C-73E9-414E-9AD3-FCA215E9AE5A}.Debug|x64.ActiveCfg = Debug|Any CPU
		{C0F22E2C-73E9-414E-9AD3-FCA215E9AE5A}.Debug|x64.Build.0 = Debug|Any CPU
		{C0F22E2C-73E9-414E-9AD3-FCA215E9AE5A}.Debug|x86.ActiveCfg = Debug|Any CPU
		{C0F22E2C-73E9-414E-9AD3-FCA215E9AE5A}.Debug|x86.Build.0 = Debug|Any CPU
		{C0F22E2C-73E9-414E-9AD3-FCA215E9AE5A}.Release|Any CPU.ActiveCfg = Release|Any CPU
		{C0F22E2C-73E9-414E-9AD3-FCA215E9AE5A}.Release|Any CPU.Build.0 = Release|Any CPU
		{C0F22E2C-73E9-414E-9AD3-FCA215E9AE5A}.Release|x64.ActiveCfg = Release|Any CPU
		{C0F22E2C-73E9-414E-9AD3-FCA215E9AE5A}.Release|x64.Build.0 = Release|Any CPU
		{C0F22E2C-73E9-414E-9AD3-FCA215E9AE5A}.Release|x86.ActiveCfg = Release|Any CPU
		{C0F22E2C-73E9-414E-9AD3-FCA215E9AE5A}.Release|x86.Build.0 = Release|Any CPU
		{DCFEFEBD-6533-43E3-874F-FB5E25891137}.Debug|Any CPU.ActiveCfg = Debug|Any CPU
		{DCFEFEBD-6533-43E3-874F-FB5E25891137}.Debug|Any CPU.Build.0 = Debug|Any CPU
		{DCFEFEBD-6533-43E3-874F-FB5E25891137}.Debug|x64.ActiveCfg = Debug|Any CPU
		{DCFEFEBD-6533-43E3-874F-FB5E25891137}.Debug|x64.Build.0 = Debug|Any CPU
		{DCFEFEBD-6533-43E3-874F-FB5E25891137}.Debug|x86.ActiveCfg = Debug|Any CPU
		{DCFEFEBD-6533-43E3-874F-FB5E25891137}.Debug|x86.Build.0 = Debug|Any CPU
		{DCFEFEBD-6533-43E3-874F-FB5E25891137}.Release|Any CPU.ActiveCfg = Release|Any CPU
		{DCFEFEBD-6533-43E3-874F-FB5E25891137}.Release|Any CPU.Build.0 = Release|Any CPU
		{DCFEFEBD-6533-43E3-874F-FB5E25891137}.Release|x64.ActiveCfg = Release|Any CPU
		{DCFEFEBD-6533-43E3-874F-FB5E25891137}.Release|x64.Build.0 = Release|Any CPU
		{DCFEFEBD-6533-43E3-874F-FB5E25891137}.Release|x86.ActiveCfg = Release|Any CPU
		{DCFEFEBD-6533-43E3-874F-FB5E25891137}.Release|x86.Build.0 = Release|Any CPU
		{30D164F0-5EA0-41D0-ACF3-396EF01D6D67}.Debug|Any CPU.ActiveCfg = Debug|Any CPU
		{30D164F0-5EA0-41D0-ACF3-396EF01D6D67}.Debug|Any CPU.Build.0 = Debug|Any CPU
		{30D164F0-5EA0-41D0-ACF3-396EF01D6D67}.Debug|x64.ActiveCfg = Debug|Any CPU
		{30D164F0-5EA0-41D0-ACF3-396EF01D6D67}.Debug|x64.Build.0 = Debug|Any CPU
		{30D164F0-5EA0-41D0-ACF3-396EF01D6D67}.Debug|x86.ActiveCfg = Debug|Any CPU
		{30D164F0-5EA0-41D0-ACF3-396EF01D6D67}.Debug|x86.Build.0 = Debug|Any CPU
		{30D164F0-5EA0-41D0-ACF3-396EF01D6D67}.Release|Any CPU.ActiveCfg = Release|Any CPU
		{30D164F0-5EA0-41D0-ACF3-396EF01D6D67}.Release|Any CPU.Build.0 = Release|Any CPU
		{30D164F0-5EA0-41D0-ACF3-396EF01D6D67}.Release|x64.ActiveCfg = Release|Any CPU
		{30D164F0-5EA0-41D0-ACF3-396EF01D6D67}.Release|x64.Build.0 = Release|Any CPU
		{30D164F0-5EA0-41D0-ACF3-396EF01D6D67}.Release|x86.ActiveCfg = Release|Any CPU
		{30D164F0-5EA0-41D0-ACF3-396EF01D6D67}.Release|x86.Build.0 = Release|Any CPU
		{A0C50C4B-CAB8-4D2B-BC25-A89BD063A37C}.Debug|Any CPU.ActiveCfg = Debug|Any CPU
		{A0C50C4B-CAB8-4D2B-BC25-A89BD063A37C}.Debug|Any CPU.Build.0 = Debug|Any CPU
		{A0C50C4B-CAB8-4D2B-BC25-A89BD063A37C}.Debug|x64.ActiveCfg = Debug|Any CPU
		{A0C50C4B-CAB8-4D2B-BC25-A89BD063A37C}.Debug|x64.Build.0 = Debug|Any CPU
		{A0C50C4B-CAB8-4D2B-BC25-A89BD063A37C}.Debug|x86.ActiveCfg = Debug|Any CPU
		{A0C50C4B-CAB8-4D2B-BC25-A89BD063A37C}.Debug|x86.Build.0 = Debug|Any CPU
		{A0C50C4B-CAB8-4D2B-BC25-A89BD063A37C}.Release|Any CPU.ActiveCfg = Release|Any CPU
		{A0C50C4B-CAB8-4D2B-BC25-A89BD063A37C}.Release|Any CPU.Build.0 = Release|Any CPU
		{A0C50C4B-CAB8-4D2B-BC25-A89BD063A37C}.Release|x64.ActiveCfg = Release|Any CPU
		{A0C50C4B-CAB8-4D2B-BC25-A89BD063A37C}.Release|x64.Build.0 = Release|Any CPU
		{A0C50C4B-CAB8-4D2B-BC25-A89BD063A37C}.Release|x86.ActiveCfg = Release|Any CPU
		{A0C50C4B-CAB8-4D2B-BC25-A89BD063A37C}.Release|x86.Build.0 = Release|Any CPU
	EndGlobalSection
	GlobalSection(SolutionProperties) = preSolution
		HideSolutionNode = FALSE
	EndGlobalSection
	GlobalSection(ExtensibilityGlobals) = postSolution
		SolutionGuid = {ED6F4CFC-450A-4B5F-9EFC-3984A8FF4FDB}
	EndGlobalSection
EndGlobal
